// !$*UTF8*$!
{
	archiveVersion = 1;
	classes = {
	};
	objectVersion = 48;
	objects = {

/* Begin PBXBuildFile section */
		0217C5B3206B6A4C00A4051F /* HavTableViewCell.m in Sources */ = {isa = PBXBuildFile; fileRef = 0217C5B2206B6A4C00A4051F /* HavTableViewCell.m */; };
		0237D150206B94E2004240B5 /* CZHDatePickerView.m in Sources */ = {isa = PBXBuildFile; fileRef = 0237D14A206B94E2004240B5 /* CZHDatePickerView.m */; };
		0237D151206B94E2004240B5 /* UIButton+CZHExtension.m in Sources */ = {isa = PBXBuildFile; fileRef = 0237D14D206B94E2004240B5 /* UIButton+CZHExtension.m */; };
		0237D152206B94E2004240B5 /* UIView+CZHExtension.m in Sources */ = {isa = PBXBuildFile; fileRef = 0237D14F206B94E2004240B5 /* UIView+CZHExtension.m */; };
		02A7C08720633EB700D356FA /* AppDelegate.m in Sources */ = {isa = PBXBuildFile; fileRef = 02A7C08620633EB700D356FA /* AppDelegate.m */; };
		02A7C08A20633EB700D356FA /* ViewController.m in Sources */ = {isa = PBXBuildFile; fileRef = 02A7C08920633EB700D356FA /* ViewController.m */; };
		02A7C08D20633EB700D356FA /* Main.storyboard in Resources */ = {isa = PBXBuildFile; fileRef = 02A7C08B20633EB700D356FA /* Main.storyboard */; };
		02A7C08F20633EB700D356FA /* Assets.xcassets in Resources */ = {isa = PBXBuildFile; fileRef = 02A7C08E20633EB700D356FA /* Assets.xcassets */; };
		02A7C09220633EB700D356FA /* LaunchScreen.storyboard in Resources */ = {isa = PBXBuildFile; fileRef = 02A7C09020633EB700D356FA /* LaunchScreen.storyboard */; };
		02A7C09520633EB700D356FA /* main.m in Sources */ = {isa = PBXBuildFile; fileRef = 02A7C09420633EB700D356FA /* main.m */; };
		02A7C09F20633EB800D356FA /* spikeTests.m in Sources */ = {isa = PBXBuildFile; fileRef = 02A7C09E20633EB800D356FA /* spikeTests.m */; };
		02A7C0AA20633EB800D356FA /* spikeUITests.m in Sources */ = {isa = PBXBuildFile; fileRef = 02A7C0A920633EB800D356FA /* spikeUITests.m */; };
		02A7C0BB20633F4900D356FA /* LoginViewController.m in Sources */ = {isa = PBXBuildFile; fileRef = 02A7C0BA20633F4900D356FA /* LoginViewController.m */; };
		02A7C0BE2063424B00D356FA /* MUIViewController.m in Sources */ = {isa = PBXBuildFile; fileRef = 02A7C0BD2063424B00D356FA /* MUIViewController.m */; };
		02A7C0C120638B6D00D356FA /* registeredViewController.m in Sources */ = {isa = PBXBuildFile; fileRef = 02A7C0C020638B6D00D356FA /* registeredViewController.m */; };
		02F136D92069EFF800D6FAC5 /* MyintViewController.m in Sources */ = {isa = PBXBuildFile; fileRef = 02F136D82069EFF800D6FAC5 /* MyintViewController.m */; };
		02F136DC206A2BF200D6FAC5 /* LookViewController.m in Sources */ = {isa = PBXBuildFile; fileRef = 02F136DB206A2BF200D6FAC5 /* LookViewController.m */; };
		02F4990B206B29B70016C636 /* CredViewController.m in Sources */ = {isa = PBXBuildFile; fileRef = 02F4990A206B29B70016C636 /* CredViewController.m */; };
		02F4990E206B36F20016C636 /* HavViewController.m in Sources */ = {isa = PBXBuildFile; fileRef = 02F4990D206B36F20016C636 /* HavViewController.m */; };
		02F49911206B3C340016C636 /* NoHavViewController.m in Sources */ = {isa = PBXBuildFile; fileRef = 02F49910206B3C340016C636 /* NoHavViewController.m */; };
		963DB0558B065A2E5B107028 /* libPods-spike.a in Frameworks */ = {isa = PBXBuildFile; fileRef = 582BA302EAF39D87DBAF1F42 /* libPods-spike.a */; };
/* End PBXBuildFile section */

/* Begin PBXContainerItemProxy section */
		02A7C09B20633EB800D356FA /* PBXContainerItemProxy */ = {
			isa = PBXContainerItemProxy;
			containerPortal = 02A7C07A20633EB700D356FA /* Project object */;
			proxyType = 1;
			remoteGlobalIDString = 02A7C08120633EB700D356FA;
			remoteInfo = spike;
		};
		02A7C0A620633EB800D356FA /* PBXContainerItemProxy */ = {
			isa = PBXContainerItemProxy;
			containerPortal = 02A7C07A20633EB700D356FA /* Project object */;
			proxyType = 1;
			remoteGlobalIDString = 02A7C08120633EB700D356FA;
			remoteInfo = spike;
		};
/* End PBXContainerItemProxy section */

/* Begin PBXFileReference section */
		0217C5B1206B6A4C00A4051F /* HavTableViewCell.h */ = {isa = PBXFileReference; lastKnownFileType = sourcecode.c.h; path = HavTableViewCell.h; sourceTree = "<group>"; };
		0217C5B2206B6A4C00A4051F /* HavTableViewCell.m */ = {isa = PBXFileReference; lastKnownFileType = sourcecode.c.objc; path = HavTableViewCell.m; sourceTree = "<group>"; };
		0217C5B7206B807000A4051F /* QuartzCore.framework */ = {isa = PBXFileReference; lastKnownFileType = wrapper.framework; name = QuartzCore.framework; path = System/Library/Frameworks/QuartzCore.framework; sourceTree = SDKROOT; };
		0237D149206B94E2004240B5 /* CZHDatePickerView.h */ = {isa = PBXFileReference; fileEncoding = 4; lastKnownFileType = sourcecode.c.h; path = CZHDatePickerView.h; sourceTree = "<group>"; };
		0237D14A206B94E2004240B5 /* CZHDatePickerView.m */ = {isa = PBXFileReference; fileEncoding = 4; lastKnownFileType = sourcecode.c.objc; path = CZHDatePickerView.m; sourceTree = "<group>"; };
		0237D14B206B94E2004240B5 /* DatePickerHeader.h */ = {isa = PBXFileReference; fileEncoding = 4; lastKnownFileType = sourcecode.c.h; path = DatePickerHeader.h; sourceTree = "<group>"; };
		0237D14C206B94E2004240B5 /* UIButton+CZHExtension.h */ = {isa = PBXFileReference; fileEncoding = 4; lastKnownFileType = sourcecode.c.h; path = "UIButton+CZHExtension.h"; sourceTree = "<group>"; };
		0237D14D206B94E2004240B5 /* UIButton+CZHExtension.m */ = {isa = PBXFileReference; fileEncoding = 4; lastKnownFileType = sourcecode.c.objc; path = "UIButton+CZHExtension.m"; sourceTree = "<group>"; };
		0237D14E206B94E2004240B5 /* UIView+CZHExtension.h */ = {isa = PBXFileReference; fileEncoding = 4; lastKnownFileType = sourcecode.c.h; path = "UIView+CZHExtension.h"; sourceTree = "<group>"; };
		0237D14F206B94E2004240B5 /* UIView+CZHExtension.m */ = {isa = PBXFileReference; fileEncoding = 4; lastKnownFileType = sourcecode.c.objc; path = "UIView+CZHExtension.m"; sourceTree = "<group>"; };
		02A7C08220633EB700D356FA /* spike.app */ = {isa = PBXFileReference; explicitFileType = wrapper.application; includeInIndex = 0; path = spike.app; sourceTree = BUILT_PRODUCTS_DIR; };
		02A7C08520633EB700D356FA /* AppDelegate.h */ = {isa = PBXFileReference; lastKnownFileType = sourcecode.c.h; path = AppDelegate.h; sourceTree = "<group>"; };
		02A7C08620633EB700D356FA /* AppDelegate.m */ = {isa = PBXFileReference; lastKnownFileType = sourcecode.c.objc; path = AppDelegate.m; sourceTree = "<group>"; };
		02A7C08820633EB700D356FA /* ViewController.h */ = {isa = PBXFileReference; lastKnownFileType = sourcecode.c.h; path = ViewController.h; sourceTree = "<group>"; };
		02A7C08920633EB700D356FA /* ViewController.m */ = {isa = PBXFileReference; lastKnownFileType = sourcecode.c.objc; path = ViewController.m; sourceTree = "<group>"; };
		02A7C08C20633EB700D356FA /* Base */ = {isa = PBXFileReference; lastKnownFileType = file.storyboard; name = Base; path = Base.lproj/Main.storyboard; sourceTree = "<group>"; };
		02A7C08E20633EB700D356FA /* Assets.xcassets */ = {isa = PBXFileReference; lastKnownFileType = folder.assetcatalog; path = Assets.xcassets; sourceTree = "<group>"; };
		02A7C09120633EB700D356FA /* Base */ = {isa = PBXFileReference; lastKnownFileType = file.storyboard; name = Base; path = Base.lproj/LaunchScreen.storyboard; sourceTree = "<group>"; };
		02A7C09320633EB700D356FA /* Info.plist */ = {isa = PBXFileReference; lastKnownFileType = text.plist.xml; path = Info.plist; sourceTree = "<group>"; };
		02A7C09420633EB700D356FA /* main.m */ = {isa = PBXFileReference; lastKnownFileType = sourcecode.c.objc; path = main.m; sourceTree = "<group>"; };
		02A7C09A20633EB800D356FA /* spikeTests.xctest */ = {isa = PBXFileReference; explicitFileType = wrapper.cfbundle; includeInIndex = 0; path = spikeTests.xctest; sourceTree = BUILT_PRODUCTS_DIR; };
		02A7C09E20633EB800D356FA /* spikeTests.m */ = {isa = PBXFileReference; lastKnownFileType = sourcecode.c.objc; path = spikeTests.m; sourceTree = "<group>"; };
		02A7C0A020633EB800D356FA /* Info.plist */ = {isa = PBXFileReference; lastKnownFileType = text.plist.xml; path = Info.plist; sourceTree = "<group>"; };
		02A7C0A520633EB800D356FA /* spikeUITests.xctest */ = {isa = PBXFileReference; explicitFileType = wrapper.cfbundle; includeInIndex = 0; path = spikeUITests.xctest; sourceTree = BUILT_PRODUCTS_DIR; };
		02A7C0A920633EB800D356FA /* spikeUITests.m */ = {isa = PBXFileReference; lastKnownFileType = sourcecode.c.objc; path = spikeUITests.m; sourceTree = "<group>"; };
		02A7C0AB20633EB800D356FA /* Info.plist */ = {isa = PBXFileReference; lastKnownFileType = text.plist.xml; path = Info.plist; sourceTree = "<group>"; };
		02A7C0B920633F4900D356FA /* LoginViewController.h */ = {isa = PBXFileReference; lastKnownFileType = sourcecode.c.h; path = LoginViewController.h; sourceTree = "<group>"; };
		02A7C0BA20633F4900D356FA /* LoginViewController.m */ = {isa = PBXFileReference; lastKnownFileType = sourcecode.c.objc; path = LoginViewController.m; sourceTree = "<group>"; };
		02A7C0BC2063424B00D356FA /* MUIViewController.h */ = {isa = PBXFileReference; lastKnownFileType = sourcecode.c.h; path = MUIViewController.h; sourceTree = "<group>"; };
		02A7C0BD2063424B00D356FA /* MUIViewController.m */ = {isa = PBXFileReference; lastKnownFileType = sourcecode.c.objc; path = MUIViewController.m; sourceTree = "<group>"; };
		02A7C0BF20638B6D00D356FA /* registeredViewController.h */ = {isa = PBXFileReference; lastKnownFileType = sourcecode.c.h; path = registeredViewController.h; sourceTree = "<group>"; };
		02A7C0C020638B6D00D356FA /* registeredViewController.m */ = {isa = PBXFileReference; lastKnownFileType = sourcecode.c.objc; path = registeredViewController.m; sourceTree = "<group>"; };
		02F136D72069EFF800D6FAC5 /* MyintViewController.h */ = {isa = PBXFileReference; lastKnownFileType = sourcecode.c.h; path = MyintViewController.h; sourceTree = "<group>"; };
		02F136D82069EFF800D6FAC5 /* MyintViewController.m */ = {isa = PBXFileReference; lastKnownFileType = sourcecode.c.objc; path = MyintViewController.m; sourceTree = "<group>"; };
		02F136DA206A2BF200D6FAC5 /* LookViewController.h */ = {isa = PBXFileReference; lastKnownFileType = sourcecode.c.h; path = LookViewController.h; sourceTree = "<group>"; };
		02F136DB206A2BF200D6FAC5 /* LookViewController.m */ = {isa = PBXFileReference; lastKnownFileType = sourcecode.c.objc; path = LookViewController.m; sourceTree = "<group>"; };
		02F49909206B29B70016C636 /* CredViewController.h */ = {isa = PBXFileReference; lastKnownFileType = sourcecode.c.h; path = CredViewController.h; sourceTree = "<group>"; };
		02F4990A206B29B70016C636 /* CredViewController.m */ = {isa = PBXFileReference; lastKnownFileType = sourcecode.c.objc; path = CredViewController.m; sourceTree = "<group>"; };
		02F4990C206B36F20016C636 /* HavViewController.h */ = {isa = PBXFileReference; lastKnownFileType = sourcecode.c.h; path = HavViewController.h; sourceTree = "<group>"; };
		02F4990D206B36F20016C636 /* HavViewController.m */ = {isa = PBXFileReference; lastKnownFileType = sourcecode.c.objc; path = HavViewController.m; sourceTree = "<group>"; };
		02F4990F206B3C340016C636 /* NoHavViewController.h */ = {isa = PBXFileReference; lastKnownFileType = sourcecode.c.h; path = NoHavViewController.h; sourceTree = "<group>"; };
		02F49910206B3C340016C636 /* NoHavViewController.m */ = {isa = PBXFileReference; lastKnownFileType = sourcecode.c.objc; path = NoHavViewController.m; sourceTree = "<group>"; };
		08AF506FDC8CFE287C1662A4 /* Pods-spike.debug.xcconfig */ = {isa = PBXFileReference; includeInIndex = 1; lastKnownFileType = text.xcconfig; name = "Pods-spike.debug.xcconfig"; path = "Pods/Target Support Files/Pods-spike/Pods-spike.debug.xcconfig"; sourceTree = "<group>"; };
		27EB5995A26AD8DBC2D39CFE /* Pods-spike.release.xcconfig */ = {isa = PBXFileReference; includeInIndex = 1; lastKnownFileType = text.xcconfig; name = "Pods-spike.release.xcconfig"; path = "Pods/Target Support Files/Pods-spike/Pods-spike.release.xcconfig"; sourceTree = "<group>"; };
		582BA302EAF39D87DBAF1F42 /* libPods-spike.a */ = {isa = PBXFileReference; explicitFileType = archive.ar; includeInIndex = 0; path = "libPods-spike.a"; sourceTree = BUILT_PRODUCTS_DIR; };
/* End PBXFileReference section */

/* Begin PBXFrameworksBuildPhase section */
		02A7C07F20633EB700D356FA /* Frameworks */ = {
			isa = PBXFrameworksBuildPhase;
			buildActionMask = 2147483647;
			files = (
				963DB0558B065A2E5B107028 /* libPods-spike.a in Frameworks */,
			);
			runOnlyForDeploymentPostprocessing = 0;
		};
		02A7C09720633EB800D356FA /* Frameworks */ = {
			isa = PBXFrameworksBuildPhase;
			buildActionMask = 2147483647;
			files = (
			);
			runOnlyForDeploymentPostprocessing = 0;
		};
		02A7C0A220633EB800D356FA /* Frameworks */ = {
			isa = PBXFrameworksBuildPhase;
			buildActionMask = 2147483647;
			files = (
			);
			runOnlyForDeploymentPostprocessing = 0;
		};
/* End PBXFrameworksBuildPhase section */

/* Begin PBXGroup section */
		0237D148206B94E2004240B5 /* CZHDatePickerView */ = {
			isa = PBXGroup;
			children = (
				0237D149206B94E2004240B5 /* CZHDatePickerView.h */,
				0237D14A206B94E2004240B5 /* CZHDatePickerView.m */,
				0237D14B206B94E2004240B5 /* DatePickerHeader.h */,
				0237D14C206B94E2004240B5 /* UIButton+CZHExtension.h */,
				0237D14D206B94E2004240B5 /* UIButton+CZHExtension.m */,
				0237D14E206B94E2004240B5 /* UIView+CZHExtension.h */,
				0237D14F206B94E2004240B5 /* UIView+CZHExtension.m */,
			);
			path = CZHDatePickerView;
			sourceTree = "<group>";
		};
		02A7C07920633EB700D356FA = {
			isa = PBXGroup;
			children = (
				02A7C08420633EB700D356FA /* spike */,
				02A7C09D20633EB800D356FA /* spikeTests */,
				02A7C0A820633EB800D356FA /* spikeUITests */,
				02A7C08320633EB700D356FA /* Products */,
				8E78500B35992D74CE4797FD /* Pods */,
				F530682E26C2C9745480A0BD /* Frameworks */,
			);
			sourceTree = "<group>";
		};
		02A7C08320633EB700D356FA /* Products */ = {
			isa = PBXGroup;
			children = (
				02A7C08220633EB700D356FA /* spike.app */,
				02A7C09A20633EB800D356FA /* spikeTests.xctest */,
				02A7C0A520633EB800D356FA /* spikeUITests.xctest */,
			);
			name = Products;
			sourceTree = "<group>";
		};
		02A7C08420633EB700D356FA /* spike */ = {
			isa = PBXGroup;
			children = (
				02A7C0B820633EEF00D356FA /* MUI */,
				02A7C0B720633ED100D356FA /* login */,
				02A7C08520633EB700D356FA /* AppDelegate.h */,
				02A7C08620633EB700D356FA /* AppDelegate.m */,
				02A7C08820633EB700D356FA /* ViewController.h */,
				02A7C08920633EB700D356FA /* ViewController.m */,
				02A7C08B20633EB700D356FA /* Main.storyboard */,
				02A7C08E20633EB700D356FA /* Assets.xcassets */,
				02A7C09020633EB700D356FA /* LaunchScreen.storyboard */,
				02A7C09320633EB700D356FA /* Info.plist */,
				02A7C09420633EB700D356FA /* main.m */,
				0237D148206B94E2004240B5 /* CZHDatePickerView */,
			);
			path = spike;
			sourceTree = "<group>";
		};
		02A7C09D20633EB800D356FA /* spikeTests */ = {
			isa = PBXGroup;
			children = (
				02A7C09E20633EB800D356FA /* spikeTests.m */,
				02A7C0A020633EB800D356FA /* Info.plist */,
			);
			path = spikeTests;
			sourceTree = "<group>";
		};
		02A7C0A820633EB800D356FA /* spikeUITests */ = {
			isa = PBXGroup;
			children = (
				02A7C0A920633EB800D356FA /* spikeUITests.m */,
				02A7C0AB20633EB800D356FA /* Info.plist */,
			);
			path = spikeUITests;
			sourceTree = "<group>";
		};
		02A7C0B720633ED100D356FA /* login */ = {
			isa = PBXGroup;
			children = (
				02A7C0B920633F4900D356FA /* LoginViewController.h */,
				02A7C0BA20633F4900D356FA /* LoginViewController.m */,
				02F49909206B29B70016C636 /* CredViewController.h */,
				02F4990A206B29B70016C636 /* CredViewController.m */,
				02F4990C206B36F20016C636 /* HavViewController.h */,
				02F4990D206B36F20016C636 /* HavViewController.m */,
				0217C5B1206B6A4C00A4051F /* HavTableViewCell.h */,
				0217C5B2206B6A4C00A4051F /* HavTableViewCell.m */,
				02F4990F206B3C340016C636 /* NoHavViewController.h */,
				02F49910206B3C340016C636 /* NoHavViewController.m */,
				02F136DA206A2BF200D6FAC5 /* LookViewController.h */,
				02F136DB206A2BF200D6FAC5 /* LookViewController.m */,
				02A7C0BF20638B6D00D356FA /* registeredViewController.h */,
				02A7C0C020638B6D00D356FA /* registeredViewController.m */,
			);
			path = login;
			sourceTree = "<group>";
		};
		02A7C0B820633EEF00D356FA /* MUI */ = {
			isa = PBXGroup;
			children = (
				02F136D62069EED300D6FAC5 /* myintface */,
				02A7C0BC2063424B00D356FA /* MUIViewController.h */,
				02A7C0BD2063424B00D356FA /* MUIViewController.m */,
			);
			path = MUI;
			sourceTree = "<group>";
		};
		02F136D62069EED300D6FAC5 /* myintface */ = {
			isa = PBXGroup;
			children = (
				02F136D72069EFF800D6FAC5 /* MyintViewController.h */,
				02F136D82069EFF800D6FAC5 /* MyintViewController.m */,
			);
			path = myintface;
			sourceTree = "<group>";
		};
		8E78500B35992D74CE4797FD /* Pods */ = {
			isa = PBXGroup;
			children = (
				08AF506FDC8CFE287C1662A4 /* Pods-spike.debug.xcconfig */,
				27EB5995A26AD8DBC2D39CFE /* Pods-spike.release.xcconfig */,
			);
			name = Pods;
			sourceTree = "<group>";
		};
		F530682E26C2C9745480A0BD /* Frameworks */ = {
			isa = PBXGroup;
			children = (
				0217C5B7206B807000A4051F /* QuartzCore.framework */,
				582BA302EAF39D87DBAF1F42 /* libPods-spike.a */,
			);
			name = Frameworks;
			sourceTree = "<group>";
		};
/* End PBXGroup section */

/* Begin PBXNativeTarget section */
		02A7C08120633EB700D356FA /* spike */ = {
			isa = PBXNativeTarget;
			buildConfigurationList = 02A7C0AE20633EB800D356FA /* Build configuration list for PBXNativeTarget "spike" */;
			buildPhases = (
				5FB1968BD7B9D86AD54155BB /* [CP] Check Pods Manifest.lock */,
				02A7C07E20633EB700D356FA /* Sources */,
				02A7C07F20633EB700D356FA /* Frameworks */,
				02A7C08020633EB700D356FA /* Resources */,
				6FA3F15F79C7208BBA5416C3 /* [CP] Embed Pods Frameworks */,
				AB247C38F050463F1495DE41 /* [CP] Copy Pods Resources */,
			);
			buildRules = (
			);
			dependencies = (
			);
			name = spike;
			productName = spike;
			productReference = 02A7C08220633EB700D356FA /* spike.app */;
			productType = "com.apple.product-type.application";
		};
		02A7C09920633EB800D356FA /* spikeTests */ = {
			isa = PBXNativeTarget;
			buildConfigurationList = 02A7C0B120633EB800D356FA /* Build configuration list for PBXNativeTarget "spikeTests" */;
			buildPhases = (
				02A7C09620633EB800D356FA /* Sources */,
				02A7C09720633EB800D356FA /* Frameworks */,
				02A7C09820633EB800D356FA /* Resources */,
			);
			buildRules = (
			);
			dependencies = (
				02A7C09C20633EB800D356FA /* PBXTargetDependency */,
			);
			name = spikeTests;
			productName = spikeTests;
			productReference = 02A7C09A20633EB800D356FA /* spikeTests.xctest */;
			productType = "com.apple.product-type.bundle.unit-test";
		};
		02A7C0A420633EB800D356FA /* spikeUITests */ = {
			isa = PBXNativeTarget;
			buildConfigurationList = 02A7C0B420633EB800D356FA /* Build configuration list for PBXNativeTarget "spikeUITests" */;
			buildPhases = (
				02A7C0A120633EB800D356FA /* Sources */,
				02A7C0A220633EB800D356FA /* Frameworks */,
				02A7C0A320633EB800D356FA /* Resources */,
			);
			buildRules = (
			);
			dependencies = (
				02A7C0A720633EB800D356FA /* PBXTargetDependency */,
			);
			name = spikeUITests;
			productName = spikeUITests;
			productReference = 02A7C0A520633EB800D356FA /* spikeUITests.xctest */;
			productType = "com.apple.product-type.bundle.ui-testing";
		};
/* End PBXNativeTarget section */

/* Begin PBXProject section */
		02A7C07A20633EB700D356FA /* Project object */ = {
			isa = PBXProject;
			attributes = {
				LastUpgradeCheck = 0920;
				ORGANIZATIONNAME = "泽联教育";
				TargetAttributes = {
					02A7C08120633EB700D356FA = {
						CreatedOnToolsVersion = 9.2;
						ProvisioningStyle = Automatic;
					};
					02A7C09920633EB800D356FA = {
						CreatedOnToolsVersion = 9.2;
						ProvisioningStyle = Automatic;
						TestTargetID = 02A7C08120633EB700D356FA;
					};
					02A7C0A420633EB800D356FA = {
						CreatedOnToolsVersion = 9.2;
						ProvisioningStyle = Automatic;
						TestTargetID = 02A7C08120633EB700D356FA;
					};
				};
			};
			buildConfigurationList = 02A7C07D20633EB700D356FA /* Build configuration list for PBXProject "spike" */;
			compatibilityVersion = "Xcode 8.0";
			developmentRegion = en;
			hasScannedForEncodings = 0;
			knownRegions = (
				en,
				Base,
			);
			mainGroup = 02A7C07920633EB700D356FA;
			productRefGroup = 02A7C08320633EB700D356FA /* Products */;
			projectDirPath = "";
			projectRoot = "";
			targets = (
				02A7C08120633EB700D356FA /* spike */,
				02A7C09920633EB800D356FA /* spikeTests */,
				02A7C0A420633EB800D356FA /* spikeUITests */,
			);
		};
/* End PBXProject section */

/* Begin PBXResourcesBuildPhase section */
		02A7C08020633EB700D356FA /* Resources */ = {
			isa = PBXResourcesBuildPhase;
			buildActionMask = 2147483647;
			files = (
				02A7C09220633EB700D356FA /* LaunchScreen.storyboard in Resources */,
				02A7C08F20633EB700D356FA /* Assets.xcassets in Resources */,
				02A7C08D20633EB700D356FA /* Main.storyboard in Resources */,
			);
			runOnlyForDeploymentPostprocessing = 0;
		};
		02A7C09820633EB800D356FA /* Resources */ = {
			isa = PBXResourcesBuildPhase;
			buildActionMask = 2147483647;
			files = (
			);
			runOnlyForDeploymentPostprocessing = 0;
		};
		02A7C0A320633EB800D356FA /* Resources */ = {
			isa = PBXResourcesBuildPhase;
			buildActionMask = 2147483647;
			files = (
			);
			runOnlyForDeploymentPostprocessing = 0;
		};
/* End PBXResourcesBuildPhase section */

/* Begin PBXShellScriptBuildPhase section */
		5FB1968BD7B9D86AD54155BB /* [CP] Check Pods Manifest.lock */ = {
			isa = PBXShellScriptBuildPhase;
			buildActionMask = 2147483647;
			files = (
			);
			inputPaths = (
				"${PODS_PODFILE_DIR_PATH}/Podfile.lock",
				"${PODS_ROOT}/Manifest.lock",
			);
			name = "[CP] Check Pods Manifest.lock";
			outputPaths = (
				"$(DERIVED_FILE_DIR)/Pods-spike-checkManifestLockResult.txt",
			);
			runOnlyForDeploymentPostprocessing = 0;
			shellPath = /bin/sh;
			shellScript = "diff \"${PODS_PODFILE_DIR_PATH}/Podfile.lock\" \"${PODS_ROOT}/Manifest.lock\" > /dev/null\nif [ $? != 0 ] ; then\n    # print error to STDERR\n    echo \"error: The sandbox is not in sync with the Podfile.lock. Run 'pod install' or update your CocoaPods installation.\" >&2\n    exit 1\nfi\n# This output is used by Xcode 'outputs' to avoid re-running this script phase.\necho \"SUCCESS\" > \"${SCRIPT_OUTPUT_FILE_0}\"\n";
			showEnvVarsInLog = 0;
		};
		6FA3F15F79C7208BBA5416C3 /* [CP] Embed Pods Frameworks */ = {
			isa = PBXShellScriptBuildPhase;
			buildActionMask = 2147483647;
			files = (
			);
			inputPaths = (
			);
			name = "[CP] Embed Pods Frameworks";
			outputPaths = (
			);
			runOnlyForDeploymentPostprocessing = 0;
			shellPath = /bin/sh;
			shellScript = "\"${SRCROOT}/Pods/Target Support Files/Pods-spike/Pods-spike-frameworks.sh\"\n";
			showEnvVarsInLog = 0;
		};
		AB247C38F050463F1495DE41 /* [CP] Copy Pods Resources */ = {
			isa = PBXShellScriptBuildPhase;
			buildActionMask = 2147483647;
			files = (
			);
			inputPaths = (
			);
			name = "[CP] Copy Pods Resources";
			outputPaths = (
			);
			runOnlyForDeploymentPostprocessing = 0;
			shellPath = /bin/sh;
			shellScript = "\"${SRCROOT}/Pods/Target Support Files/Pods-spike/Pods-spike-resources.sh\"\n";
			showEnvVarsInLog = 0;
		};
/* End PBXShellScriptBuildPhase section */

/* Begin PBXSourcesBuildPhase section */
		02A7C07E20633EB700D356FA /* Sources */ = {
			isa = PBXSourcesBuildPhase;
			buildActionMask = 2147483647;
			files = (
				02F4990E206B36F20016C636 /* HavViewController.m in Sources */,
				02A7C0C120638B6D00D356FA /* registeredViewController.m in Sources */,
				02A7C0BE2063424B00D356FA /* MUIViewController.m in Sources */,
				0237D151206B94E2004240B5 /* UIButton+CZHExtension.m in Sources */,
				0237D152206B94E2004240B5 /* UIView+CZHExtension.m in Sources */,
				0217C5B3206B6A4C00A4051F /* HavTableViewCell.m in Sources */,
				02F136D92069EFF800D6FAC5 /* MyintViewController.m in Sources */,
				02F136DC206A2BF200D6FAC5 /* LookViewController.m in Sources */,
				02F4990B206B29B70016C636 /* CredViewController.m in Sources */,
				02A7C0BB20633F4900D356FA /* LoginViewController.m in Sources */,
				02A7C08A20633EB700D356FA /* ViewController.m in Sources */,
				02F49911206B3C340016C636 /* NoHavViewController.m in Sources */,
				02A7C09520633EB700D356FA /* main.m in Sources */,
				02A7C08720633EB700D356FA /* AppDelegate.m in Sources */,
				0237D150206B94E2004240B5 /* CZHDatePickerView.m in Sources */,
			);
			runOnlyForDeploymentPostprocessing = 0;
		};
		02A7C09620633EB800D356FA /* Sources */ = {
			isa = PBXSourcesBuildPhase;
			buildActionMask = 2147483647;
			files = (
				02A7C09F20633EB800D356FA /* spikeTests.m in Sources */,
			);
			runOnlyForDeploymentPostprocessing = 0;
		};
		02A7C0A120633EB800D356FA /* Sources */ = {
			isa = PBXSourcesBuildPhase;
			buildActionMask = 2147483647;
			files = (
				02A7C0AA20633EB800D356FA /* spikeUITests.m in Sources */,
			);
			runOnlyForDeploymentPostprocessing = 0;
		};
/* End PBXSourcesBuildPhase section */

/* Begin PBXTargetDependency section */
		02A7C09C20633EB800D356FA /* PBXTargetDependency */ = {
			isa = PBXTargetDependency;
			target = 02A7C08120633EB700D356FA /* spike */;
			targetProxy = 02A7C09B20633EB800D356FA /* PBXContainerItemProxy */;
		};
		02A7C0A720633EB800D356FA /* PBXTargetDependency */ = {
			isa = PBXTargetDependency;
			target = 02A7C08120633EB700D356FA /* spike */;
			targetProxy = 02A7C0A620633EB800D356FA /* PBXContainerItemProxy */;
		};
/* End PBXTargetDependency section */

/* Begin PBXVariantGroup section */
		02A7C08B20633EB700D356FA /* Main.storyboard */ = {
			isa = PBXVariantGroup;
			children = (
				02A7C08C20633EB700D356FA /* Base */,
			);
			name = Main.storyboard;
			sourceTree = "<group>";
		};
		02A7C09020633EB700D356FA /* LaunchScreen.storyboard */ = {
			isa = PBXVariantGroup;
			children = (
				02A7C09120633EB700D356FA /* Base */,
			);
			name = LaunchScreen.storyboard;
			sourceTree = "<group>";
		};
/* End PBXVariantGroup section */

/* Begin XCBuildConfiguration section */
		02A7C0AC20633EB800D356FA /* Debug */ = {
			isa = XCBuildConfiguration;
			buildSettings = {
				ALWAYS_SEARCH_USER_PATHS = NO;
				CLANG_ANALYZER_NONNULL = YES;
				CLANG_ANALYZER_NUMBER_OBJECT_CONVERSION = YES_AGGRESSIVE;
				CLANG_CXX_LANGUAGE_STANDARD = "gnu++14";
				CLANG_CXX_LIBRARY = "libc++";
				CLANG_ENABLE_MODULES = YES;
				CLANG_ENABLE_OBJC_ARC = YES;
				CLANG_WARN_BLOCK_CAPTURE_AUTORELEASING = YES;
				CLANG_WARN_BOOL_CONVERSION = YES;
				CLANG_WARN_COMMA = YES;
				CLANG_WARN_CONSTANT_CONVERSION = YES;
				CLANG_WARN_DIRECT_OBJC_ISA_USAGE = YES_ERROR;
				CLANG_WARN_DOCUMENTATION_COMMENTS = YES;
				CLANG_WARN_EMPTY_BODY = YES;
				CLANG_WARN_ENUM_CONVERSION = YES;
				CLANG_WARN_INFINITE_RECURSION = YES;
				CLANG_WARN_INT_CONVERSION = YES;
				CLANG_WARN_NON_LITERAL_NULL_CONVERSION = YES;
				CLANG_WARN_OBJC_LITERAL_CONVERSION = YES;
				CLANG_WARN_OBJC_ROOT_CLASS = YES_ERROR;
				CLANG_WARN_RANGE_LOOP_ANALYSIS = YES;
				CLANG_WARN_STRICT_PROTOTYPES = YES;
				CLANG_WARN_SUSPICIOUS_MOVE = YES;
				CLANG_WARN_UNGUARDED_AVAILABILITY = YES_AGGRESSIVE;
				CLANG_WARN_UNREACHABLE_CODE = YES;
				CLANG_WARN__DUPLICATE_METHOD_MATCH = YES;
				CODE_SIGN_IDENTITY = "iPhone Developer";
				COPY_PHASE_STRIP = NO;
				DEBUG_INFORMATION_FORMAT = dwarf;
				ENABLE_STRICT_OBJC_MSGSEND = YES;
				ENABLE_TESTABILITY = YES;
				GCC_C_LANGUAGE_STANDARD = gnu11;
				GCC_DYNAMIC_NO_PIC = NO;
				GCC_NO_COMMON_BLOCKS = YES;
				GCC_OPTIMIZATION_LEVEL = 0;
				GCC_PREPROCESSOR_DEFINITIONS = (
					"DEBUG=1",
					"$(inherited)",
				);
				GCC_WARN_64_TO_32_BIT_CONVERSION = YES;
				GCC_WARN_ABOUT_RETURN_TYPE = YES_ERROR;
				GCC_WARN_UNDECLARED_SELECTOR = YES;
				GCC_WARN_UNINITIALIZED_AUTOS = YES_AGGRESSIVE;
				GCC_WARN_UNUSED_FUNCTION = YES;
				GCC_WARN_UNUSED_VARIABLE = YES;
				IPHONEOS_DEPLOYMENT_TARGET = 11.2;
				MTL_ENABLE_DEBUG_INFO = YES;
				ONLY_ACTIVE_ARCH = YES;
				SDKROOT = iphoneos;
			};
			name = Debug;
		};
		02A7C0AD20633EB800D356FA /* Release */ = {
			isa = XCBuildConfiguration;
			buildSettings = {
				ALWAYS_SEARCH_USER_PATHS = NO;
				CLANG_ANALYZER_NONNULL = YES;
				CLANG_ANALYZER_NUMBER_OBJECT_CONVERSION = YES_AGGRESSIVE;
				CLANG_CXX_LANGUAGE_STANDARD = "gnu++14";
				CLANG_CXX_LIBRARY = "libc++";
				CLANG_ENABLE_MODULES = YES;
				CLANG_ENABLE_OBJC_ARC = YES;
				CLANG_WARN_BLOCK_CAPTURE_AUTORELEASING = YES;
				CLANG_WARN_BOOL_CONVERSION = YES;
				CLANG_WARN_COMMA = YES;
				CLANG_WARN_CONSTANT_CONVERSION = YES;
				CLANG_WARN_DIRECT_OBJC_ISA_USAGE = YES_ERROR;
				CLANG_WARN_DOCUMENTATION_COMMENTS = YES;
				CLANG_WARN_EMPTY_BODY = YES;
				CLANG_WARN_ENUM_CONVERSION = YES;
				CLANG_WARN_INFINITE_RECURSION = YES;
				CLANG_WARN_INT_CONVERSION = YES;
				CLANG_WARN_NON_LITERAL_NULL_CONVERSION = YES;
				CLANG_WARN_OBJC_LITERAL_CONVERSION = YES;
				CLANG_WARN_OBJC_ROOT_CLASS = YES_ERROR;
				CLANG_WARN_RANGE_LOOP_ANALYSIS = YES;
				CLANG_WARN_STRICT_PROTOTYPES = YES;
				CLANG_WARN_SUSPICIOUS_MOVE = YES;
				CLANG_WARN_UNGUARDED_AVAILABILITY = YES_AGGRESSIVE;
				CLANG_WARN_UNREACHABLE_CODE = YES;
				CLANG_WARN__DUPLICATE_METHOD_MATCH = YES;
				CODE_SIGN_IDENTITY = "iPhone Developer";
				COPY_PHASE_STRIP = NO;
				DEBUG_INFORMATION_FORMAT = "dwarf-with-dsym";
				ENABLE_NS_ASSERTIONS = NO;
				ENABLE_STRICT_OBJC_MSGSEND = YES;
				GCC_C_LANGUAGE_STANDARD = gnu11;
				GCC_NO_COMMON_BLOCKS = YES;
				GCC_WARN_64_TO_32_BIT_CONVERSION = YES;
				GCC_WARN_ABOUT_RETURN_TYPE = YES_ERROR;
				GCC_WARN_UNDECLARED_SELECTOR = YES;
				GCC_WARN_UNINITIALIZED_AUTOS = YES_AGGRESSIVE;
				GCC_WARN_UNUSED_FUNCTION = YES;
				GCC_WARN_UNUSED_VARIABLE = YES;
				IPHONEOS_DEPLOYMENT_TARGET = 11.2;
				MTL_ENABLE_DEBUG_INFO = NO;
				SDKROOT = iphoneos;
				VALIDATE_PRODUCT = YES;
			};
			name = Release;
		};
		02A7C0AF20633EB800D356FA /* Debug */ = {
			isa = XCBuildConfiguration;
			baseConfigurationReference = 08AF506FDC8CFE287C1662A4 /* Pods-spike.debug.xcconfig */;
			buildSettings = {
				ASSETCATALOG_COMPILER_APPICON_NAME = AppIcon;
				CODE_SIGN_STYLE = Automatic;
				DEVELOPMENT_TEAM = 6LFXCG96KM;
				INFOPLIST_FILE = spike/Info.plist;
				IPHONEOS_DEPLOYMENT_TARGET = 9.1;
				LD_RUNPATH_SEARCH_PATHS = "$(inherited) @executable_path/Frameworks";
				PRODUCT_BUNDLE_IDENTIFIER = com.360jh.spike;
				PRODUCT_NAME = "$(TARGET_NAME)";
				TARGETED_DEVICE_FAMILY = "1,2";
			};
			name = Debug;
		};
		02A7C0B020633EB800D356FA /* Release */ = {
			isa = XCBuildConfiguration;
			baseConfigurationReference = 27EB5995A26AD8DBC2D39CFE /* Pods-spike.release.xcconfig */;
			buildSettings = {
				ASSETCATALOG_COMPILER_APPICON_NAME = AppIcon;
				CODE_SIGN_STYLE = Automatic;
				DEVELOPMENT_TEAM = 6LFXCG96KM;
				INFOPLIST_FILE = spike/Info.plist;
				IPHONEOS_DEPLOYMENT_TARGET = 9.1;
				LD_RUNPATH_SEARCH_PATHS = "$(inherited) @executable_path/Frameworks";
				PRODUCT_BUNDLE_IDENTIFIER = com.360jh.spike;
				PRODUCT_NAME = "$(TARGET_NAME)";
				TARGETED_DEVICE_FAMILY = "1,2";
			};
			name = Release;
		};
		02A7C0B220633EB800D356FA /* Debug */ = {
			isa = XCBuildConfiguration;
			buildSettings = {
				BUNDLE_LOADER = "$(TEST_HOST)";
				CODE_SIGN_STYLE = Automatic;
				INFOPLIST_FILE = spikeTests/Info.plist;
				LD_RUNPATH_SEARCH_PATHS = "$(inherited) @executable_path/Frameworks @loader_path/Frameworks";
				PRODUCT_BUNDLE_IDENTIFIER = com.360jh.spikeTests;
				PRODUCT_NAME = "$(TARGET_NAME)";
				TARGETED_DEVICE_FAMILY = "1,2";
				TEST_HOST = "$(BUILT_PRODUCTS_DIR)/spike.app/spike";
			};
			name = Debug;
		};
		02A7C0B320633EB800D356FA /* Release */ = {
			isa = XCBuildConfiguration;
			buildSettings = {
				BUNDLE_LOADER = "$(TEST_HOST)";
				CODE_SIGN_STYLE = Automatic;
				INFOPLIST_FILE = spikeTests/Info.plist;
				LD_RUNPATH_SEARCH_PATHS = "$(inherited) @executable_path/Frameworks @loader_path/Frameworks";
				PRODUCT_BUNDLE_IDENTIFIER = com.360jh.spikeTests;
				PRODUCT_NAME = "$(TARGET_NAME)";
				TARGETED_DEVICE_FAMILY = "1,2";
				TEST_HOST = "$(BUILT_PRODUCTS_DIR)/spike.app/spike";
			};
			name = Release;
		};
		02A7C0B520633EB800D356FA /* Debug */ = {
			isa = XCBuildConfiguration;
			buildSettings = {
				CODE_SIGN_STYLE = Automatic;
				INFOPLIST_FILE = spikeUITests/Info.plist;
				LD_RUNPATH_SEARCH_PATHS = "$(inherited) @executable_path/Frameworks @loader_path/Frameworks";
				PRODUCT_BUNDLE_IDENTIFIER = com.360jh.spikeUITests;
				PRODUCT_NAME = "$(TARGET_NAME)";
				TARGETED_DEVICE_FAMILY = "1,2";
				TEST_TARGET_NAME = spike;
			};
			name = Debug;
		};
		02A7C0B620633EB800D356FA /* Release */ = {
			isa = XCBuildConfiguration;
			buildSettings = {
				CODE_SIGN_STYLE = Automatic;
				INFOPLIST_FILE = spikeUITests/Info.plist;
				LD_RUNPATH_SEARCH_PATHS = "$(inherited) @executable_path/Frameworks @loader_path/Frameworks";
				PRODUCT_BUNDLE_IDENTIFIER = com.360jh.spikeUITests;
				PRODUCT_NAME = "$(TARGET_NAME)";
				TARGETED_DEVICE_FAMILY = "1,2";
				TEST_TARGET_NAME = spike;
			};
			name = Release;
		};
/* End XCBuildConfiguration section */

/* Begin XCConfigurationList section */
		02A7C07D20633EB700D356FA /* Build configuration list for PBXProject "spike" */ = {
			isa = XCConfigurationList;
			buildConfigurations = (
				02A7C0AC20633EB800D356FA /* Debug */,
				02A7C0AD20633EB800D356FA /* Release */,
			);
			defaultConfigurationIsVisible = 0;
			defaultConfigurationName = Release;
		};
		02A7C0AE20633EB800D356FA /* Build configuration list for PBXNativeTarget "spike" */ = {
			isa = XCConfigurationList;
			buildConfigurations = (
				02A7C0AF20633EB800D356FA /* Debug */,
				02A7C0B020633EB800D356FA /* Release */,
			);
			defaultConfigurationIsVisible = 0;
			defaultConfigurationName = Release;
		};
		02A7C0B120633EB800D356FA /* Build configuration list for PBXNativeTarget "spikeTests" */ = {
			isa = XCConfigurationList;
			buildConfigurations = (
				02A7C0B220633EB800D356FA /* Debug */,
				02A7C0B320633EB800D356FA /* Release */,
			);
			defaultConfigurationIsVisible = 0;
			defaultConfigurationName = Release;
		};
		02A7C0B420633EB800D356FA /* Build configuration list for PBXNativeTarget "spikeUITests" */ = {
			isa = XCConfigurationList;
			buildConfigurations = (
				02A7C0B520633EB800D356FA /* Debug */,
				02A7C0B620633EB800D356FA /* Release */,
			);
			defaultConfigurationIsVisible = 0;
			defaultConfigurationName = Release;
		};
/* End XCConfigurationList section */
	};
	rootObject = 02A7C07A20633EB700D356FA /* Project object */;
}
